
Microsoft Visual Studio Solution File, Format Version 12.00
# Visual Studio 15
VisualStudioVersion = 15.0.27703.2000
MinimumVisualStudioVersion = 10.0.40219.1
Project("{FAE04EC0-301F-11D3-BF4B-00C04F79EFBC}") = "EasyBackup", "EasyBackup\EasyBackup.csproj", "{2C5F0749-268D-41E3-9163-5E6301B1E729}"
EndProject
Project("{FAE04EC0-301F-11D3-BF4B-00C04F79EFBC}") = "UnitTesting", "UnitTesting\UnitTesting.csproj", "{5CBABA4D-408F-4083-BDBB-5A63CAAE2890}"
EndProject
Global
	GlobalSection(SolutionConfigurationPlatforms) = preSolution
		Debug|Any CPU = Debug|Any CPU
		Release|Any CPU = Release|Any CPU
	EndGlobalSection
	GlobalSection(ProjectConfigurationPlatforms) = postSolution
		{2C5F0749-268D-41E3-9163-5E6301B1E729}.Debug|Any CPU.ActiveCfg = Debug|Any CPU
		{2C5F0749-268D-41E3-9163-5E6301B1E729}.Debug|Any CPU.Build.0 = Debug|Any CPU
		{2C5F0749-268D-41E3-9163-5E6301B1E729}.Release|Any CPU.ActiveCfg = Release|Any CPU
		{2C5F0749-268D-41E3-9163-5E6301B1E729}.Release|Any CPU.Build.0 = Release|Any CPU
		{5CBABA4D-408F-4083-BDBB-5A63CAAE2890}.Debug|Any CPU.ActiveCfg = Debug|Any CPU
		{5CBABA4D-408F-4083-BDBB-5A63CAAE2890}.Debug|Any CPU.Build.0 = Debug|Any CPU
		{5CBABA4D-408F-4083-BDBB-5A63CAAE2890}.Release|Any CPU.ActiveCfg = Release|Any CPU
		{5CBABA4D-408F-4083-BDBB-5A63CAAE2890}.Release|Any CPU.Build.0 = Release|Any CPU
	EndGlobalSection
	GlobalSection(SolutionProperties) = preSolution
		HideSolutionNode = FALSE
	EndGlobalSection
	GlobalSection(ExtensibilityGlobals) = postSolution
		SolutionGuid = {79A2340B-F3A5-4989-BA6E-1544A91D1399}
	EndGlobalSection
EndGlobal
